{
  "originHash" : "2a9ebd9a0426539f2d0d097c1f80f641aa7d21a24bfb62ca2504389918eba16a",
  "pins" : [
    {
      "identity" : "ainkradappkit",
      "kind" : "remoteSourceControl",
      "location" : "https://github.com/AhmedMElhalaby/AinkradAppKit",
      "state" : {
        "revision" : "8944e959ddeaae2475709ae5e6ef0afd83bb0623"
      }
    },
    {
      "identity" : "swift-argument-parser",
      "kind" : "remoteSourceControl",
      "location" : "https://github.com/apple/swift-argument-parser.git",
      "state" : {
        "revision" : "6a52f3251125d74daf04fcbd5e6f08a75d074382",
        "version" : "1.8.2"
      }
    }
  ],
  "version" : 3
}
