{
  "originHash" : "79e8c4fc135174b8ae9f33366e0ac2dfc38a39da7799655d41d6c8ef16fffe5c",
  "pins" : [
    {
      "identity" : "ainkradappkit",
      "kind" : "remoteSourceControl",
      "location" : "https://github.com/AhmedMElhalaby/AinkradAppKit",
      "state" : {
        "revision" : "d5d994bdd8e79d530410a1c370657fa593fa4ce6"
      }
    },
    {
      "identity" : "swift-argument-parser",
      "kind" : "remoteSourceControl",
      "location" : "https://github.com/apple/swift-argument-parser.git",
      "state" : {
        "revision" : "6a52f3251125d74daf04fcbd5e6f08a75d074382",
        "version" : "1.8.2"
      }
    }
  ],
  "version" : 3
}
